
Microsoft Visual Studio Solution File, Format Version 12.00
Project("{FAE04EC0-301F-11D3-BF4B-00C04F79EFBC}") = "Lab1", "Lab1\Lab1.csproj", "{C07584A8-CC46-4F95-96AD-59B4FB108EB0}"
EndProject
Project("{FAE04EC0-301F-11D3-BF4B-00C04F79EFBC}") = "Lab2", "Lab2\Lab2.csproj", "{DD0F095B-93EE-4966-A6F7-3FFDD4FAAAD2}"
EndProject
Project("{FAE04EC0-301F-11D3-BF4B-00C04F79EFBC}") = "Lab3", "Lab3\Lab3.csproj", "{EEEE0857-22B4-499C-B3A0-9AAB91F32582}"
EndProject
Global
	GlobalSection(SolutionConfigurationPlatforms) = preSolution
		Debug|Any CPU = Debug|Any CPU
		Release|Any CPU = Release|Any CPU
	EndGlobalSection
	GlobalSection(ProjectConfigurationPlatforms) = postSolution
		{C07584A8-CC46-4F95-96AD-59B4FB108EB0}.Debug|Any CPU.ActiveCfg = Debug|Any CPU
		{C07584A8-CC46-4F95-96AD-59B4FB108EB0}.Debug|Any CPU.Build.0 = Debug|Any CPU
		{C07584A8-CC46-4F95-96AD-59B4FB108EB0}.Release|Any CPU.ActiveCfg = Release|Any CPU
		{C07584A8-CC46-4F95-96AD-59B4FB108EB0}.Release|Any CPU.Build.0 = Release|Any CPU
		{DD0F095B-93EE-4966-A6F7-3FFDD4FAAAD2}.Debug|Any CPU.ActiveCfg = Debug|Any CPU
		{DD0F095B-93EE-4966-A6F7-3FFDD4FAAAD2}.Debug|Any CPU.Build.0 = Debug|Any CPU
		{DD0F095B-93EE-4966-A6F7-3FFDD4FAAAD2}.Release|Any CPU.ActiveCfg = Release|Any CPU
		{DD0F095B-93EE-4966-A6F7-3FFDD4FAAAD2}.Release|Any CPU.Build.0 = Release|Any CPU
		{EEEE0857-22B4-499C-B3A0-9AAB91F32582}.Debug|Any CPU.ActiveCfg = Debug|Any CPU
		{EEEE0857-22B4-499C-B3A0-9AAB91F32582}.Debug|Any CPU.Build.0 = Debug|Any CPU
		{EEEE0857-22B4-499C-B3A0-9AAB91F32582}.Release|Any CPU.ActiveCfg = Release|Any CPU
		{EEEE0857-22B4-499C-B3A0-9AAB91F32582}.Release|Any CPU.Build.0 = Release|Any CPU
	EndGlobalSection
EndGlobal
